
Microsoft Visual Studio Solution File, Format Version 12.00
# Visual Studio Version 16
VisualStudioVersion = 16.0.30907.101
MinimumVisualStudioVersion = 10.0.40219.1
Project("{FAE04EC0-301F-11D3-BF4B-00C04F79EFBC}") = "Grocery List Builder", "Grocery List Builder\Grocery List Builder.csproj", "{C613ACB6-B24B-4433-90BA-A9E799BD1BEE}"
EndProject
Global
	GlobalSection(SolutionConfigurationPlatforms) = preSolution
		Debug|Any CPU = Debug|Any CPU
		Release|Any CPU = Release|Any CPU
	EndGlobalSection
	GlobalSection(ProjectConfigurationPlatforms) = postSolution
		{C613ACB6-B24B-4433-90BA-A9E799BD1BEE}.Debug|Any CPU.ActiveCfg = Debug|Any CPU
		{C613ACB6-B24B-4433-90BA-A9E799BD1BEE}.Debug|Any CPU.Build.0 = Debug|Any CPU
		{C613ACB6-B24B-4433-90BA-A9E799BD1BEE}.Release|Any CPU.ActiveCfg = Release|Any CPU
		{C613ACB6-B24B-4433-90BA-A9E799BD1BEE}.Release|Any CPU.Build.0 = Release|Any CPU
	EndGlobalSection
	GlobalSection(SolutionProperties) = preSolution
		HideSolutionNode = FALSE
	EndGlobalSection
	GlobalSection(ExtensibilityGlobals) = postSolution
		SolutionGuid = {714A30C2-30BE-40E1-9A63-D289573B97DA}
	EndGlobalSection
EndGlobal
